// !$*UTF8*$!
{
	archiveVersion = 1;
	classes = {
	};
	objectVersion = 56;
	objects = {

/* Begin PBXBuildFile section */
		F9B4962E2A34CBFA0060F0C3 /* CobaPendasiApp.swift in Sources */ = {isa = PBXBuildFile; fileRef = F9B4962D2A34CBFA0060F0C3 /* CobaPendasiApp.swift */; };
		F9B496302A34CBFA0060F0C3 /* ContentView.swift in Sources */ = {isa = PBXBuildFile; fileRef = F9B4962F2A34CBFA0060F0C3 /* ContentView.swift */; };
		F9B496322A34CBFB0060F0C3 /* Assets.xcassets in Resources */ = {isa = PBXBuildFile; fileRef = F9B496312A34CBFB0060F0C3 /* Assets.xcassets */; };
		F9B496352A34CBFB0060F0C3 /* Preview Assets.xcassets in Resources */ = {isa = PBXBuildFile; fileRef = F9B496342A34CBFB0060F0C3 /* Preview Assets.xcassets */; };
		F9B4963F2A34CD430060F0C3 /* DataController.swift in Sources */ = {isa = PBXBuildFile; fileRef = F9B4963E2A34CD430060F0C3 /* DataController.swift */; };
		F9B496422A34E9790060F0C3 /* MpasiOption.xcdatamodeld in Sources */ = {isa = PBXBuildFile; fileRef = F9B496402A34E9790060F0C3 /* MpasiOption.xcdatamodeld */; };
		F9B496462A34EBDD0060F0C3 /* AddMenu.swift in Sources */ = {isa = PBXBuildFile; fileRef = F9B496452A34EBDD0060F0C3 /* AddMenu.swift */; };
		F9B496482A35A8D00060F0C3 /* BeritahuRespon.swift in Sources */ = {isa = PBXBuildFile; fileRef = F9B496472A35A8D00060F0C3 /* BeritahuRespon.swift */; };
		F9B4964A2A35AC3E0060F0C3 /* DetailView.swift in Sources */ = {isa = PBXBuildFile; fileRef = F9B496492A35AC3E0060F0C3 /* DetailView.swift */; };
		F9B496832A3645180060F0C3 /* ProfilAnak.swift in Sources */ = {isa = PBXBuildFile; fileRef = F9B496822A3645180060F0C3 /* ProfilAnak.swift */; };
		F9B496852A3645490060F0C3 /* EditProfilAnak.swift in Sources */ = {isa = PBXBuildFile; fileRef = F9B496842A3645490060F0C3 /* EditProfilAnak.swift */; };
		F9B4968E2A36C4590060F0C3 /* GantiMenu.swift in Sources */ = {isa = PBXBuildFile; fileRef = F9B4968D2A36C4590060F0C3 /* GantiMenu.swift */; };
		F9B496902A37764E0060F0C3 /* TabView.swift in Sources */ = {isa = PBXBuildFile; fileRef = F9B4968F2A37764E0060F0C3 /* TabView.swift */; };
		F9B496922A3776DD0060F0C3 /* Riwayat.swift in Sources */ = {isa = PBXBuildFile; fileRef = F9B496912A3776DD0060F0C3 /* Riwayat.swift */; };
		F9B496942A3777000060F0C3 /* DetailRiwayat.swift in Sources */ = {isa = PBXBuildFile; fileRef = F9B496932A3777000060F0C3 /* DetailRiwayat.swift */; };
		F9B496962A3777340060F0C3 /* Pemberitahuan.swift in Sources */ = {isa = PBXBuildFile; fileRef = F9B496952A3777340060F0C3 /* Pemberitahuan.swift */; };
/* End PBXBuildFile section */

/* Begin PBXFileReference section */
		F9B4962A2A34CBFA0060F0C3 /* CobaPendasi.app */ = {isa = PBXFileReference; explicitFileType = wrapper.application; includeInIndex = 0; path = CobaPendasi.app; sourceTree = BUILT_PRODUCTS_DIR; };
		F9B4962D2A34CBFA0060F0C3 /* CobaPendasiApp.swift */ = {isa = PBXFileReference; lastKnownFileType = sourcecode.swift; path = CobaPendasiApp.swift; sourceTree = "<group>"; };
		F9B4962F2A34CBFA0060F0C3 /* ContentView.swift */ = {isa = PBXFileReference; lastKnownFileType = sourcecode.swift; path = ContentView.swift; sourceTree = "<group>"; };
		F9B496312A34CBFB0060F0C3 /* Assets.xcassets */ = {isa = PBXFileReference; lastKnownFileType = folder.assetcatalog; path = Assets.xcassets; sourceTree = "<group>"; };
		F9B496342A34CBFB0060F0C3 /* Preview Assets.xcassets */ = {isa = PBXFileReference; lastKnownFileType = folder.assetcatalog; path = "Preview Assets.xcassets"; sourceTree = "<group>"; };
		F9B4963E2A34CD430060F0C3 /* DataController.swift */ = {isa = PBXFileReference; lastKnownFileType = sourcecode.swift; path = DataController.swift; sourceTree = "<group>"; };
		F9B496412A34E9790060F0C3 /* MpasiOption.xcdatamodel */ = {isa = PBXFileReference; lastKnownFileType = wrapper.xcdatamodel; path = MpasiOption.xcdatamodel; sourceTree = "<group>"; };
		F9B496452A34EBDD0060F0C3 /* AddMenu.swift */ = {isa = PBXFileReference; lastKnownFileType = sourcecode.swift; path = AddMenu.swift; sourceTree = "<group>"; };
		F9B496472A35A8D00060F0C3 /* BeritahuRespon.swift */ = {isa = PBXFileReference; lastKnownFileType = sourcecode.swift; path = BeritahuRespon.swift; sourceTree = "<group>"; };
		F9B496492A35AC3E0060F0C3 /* DetailView.swift */ = {isa = PBXFileReference; lastKnownFileType = sourcecode.swift; path = DetailView.swift; sourceTree = "<group>"; };
		F9B496822A3645180060F0C3 /* ProfilAnak.swift */ = {isa = PBXFileReference; lastKnownFileType = sourcecode.swift; path = ProfilAnak.swift; sourceTree = "<group>"; };
		F9B496842A3645490060F0C3 /* EditProfilAnak.swift */ = {isa = PBXFileReference; lastKnownFileType = sourcecode.swift; path = EditProfilAnak.swift; sourceTree = "<group>"; };
		F9B4968D2A36C4590060F0C3 /* GantiMenu.swift */ = {isa = PBXFileReference; lastKnownFileType = sourcecode.swift; path = GantiMenu.swift; sourceTree = "<group>"; };
		F9B4968F2A37764E0060F0C3 /* TabView.swift */ = {isa = PBXFileReference; lastKnownFileType = sourcecode.swift; path = TabView.swift; sourceTree = "<group>"; };
		F9B496912A3776DD0060F0C3 /* Riwayat.swift */ = {isa = PBXFileReference; lastKnownFileType = sourcecode.swift; path = Riwayat.swift; sourceTree = "<group>"; };
		F9B496932A3777000060F0C3 /* DetailRiwayat.swift */ = {isa = PBXFileReference; lastKnownFileType = sourcecode.swift; path = DetailRiwayat.swift; sourceTree = "<group>"; };
		F9B496952A3777340060F0C3 /* Pemberitahuan.swift */ = {isa = PBXFileReference; lastKnownFileType = sourcecode.swift; path = Pemberitahuan.swift; sourceTree = "<group>"; };
/* End PBXFileReference section */

/* Begin PBXFrameworksBuildPhase section */
		F9B496272A34CBFA0060F0C3 /* Frameworks */ = {
			isa = PBXFrameworksBuildPhase;
			buildActionMask = 2147483647;
			files = (
			);
			runOnlyForDeploymentPostprocessing = 0;
		};
/* End PBXFrameworksBuildPhase section */

/* Begin PBXGroup section */
		0AAEC3B12A93A56C0062C85F /* Views */ = {
			isa = PBXGroup;
			children = (
				F9B4962D2A34CBFA0060F0C3 /* CobaPendasiApp.swift */,
				F9B4962F2A34CBFA0060F0C3 /* ContentView.swift */,
				F9B496452A34EBDD0060F0C3 /* AddMenu.swift */,
				F9B4968F2A37764E0060F0C3 /* TabView.swift */,
				F9B4968D2A36C4590060F0C3 /* GantiMenu.swift */,
				F9B496912A3776DD0060F0C3 /* Riwayat.swift */,
				F9B496932A3777000060F0C3 /* DetailRiwayat.swift */,
				F9B496952A3777340060F0C3 /* Pemberitahuan.swift */,
				F9B496472A35A8D00060F0C3 /* BeritahuRespon.swift */,
				F9B496492A35AC3E0060F0C3 /* DetailView.swift */,
				F9B496822A3645180060F0C3 /* ProfilAnak.swift */,
				F9B496842A3645490060F0C3 /* EditProfilAnak.swift */,
			);
			path = Views;
			sourceTree = "<group>";
		};
		0AAEC3B22A93A57D0062C85F /* Models */ = {
			isa = PBXGroup;
			children = (
				F9B4963E2A34CD430060F0C3 /* DataController.swift */,
			);
			path = Models;
			sourceTree = "<group>";
		};
		0AAEC3B32A93A5830062C85F /* Resources */ = {
			isa = PBXGroup;
			children = (
				F9B496402A34E9790060F0C3 /* MpasiOption.xcdatamodeld */,
				F9B496312A34CBFB0060F0C3 /* Assets.xcassets */,
			);
			path = Resources;
			sourceTree = "<group>";
		};
		F9B496212A34CBFA0060F0C3 = {
			isa = PBXGroup;
			children = (
				F9B4962C2A34CBFA0060F0C3 /* CobaPendasi */,
				F9B4962B2A34CBFA0060F0C3 /* Products */,
			);
			sourceTree = "<group>";
		};
		F9B4962B2A34CBFA0060F0C3 /* Products */ = {
			isa = PBXGroup;
			children = (
				F9B4962A2A34CBFA0060F0C3 /* CobaPendasi.app */,
			);
			name = Products;
			sourceTree = "<group>";
		};
		F9B4962C2A34CBFA0060F0C3 /* CobaPendasi */ = {
			isa = PBXGroup;
			children = (
				0AAEC3B12A93A56C0062C85F /* Views */,
				0AAEC3B32A93A5830062C85F /* Resources */,
				0AAEC3B22A93A57D0062C85F /* Models */,
				F9B496332A34CBFB0060F0C3 /* Preview Content */,
			);
			path = CobaPendasi;
			sourceTree = "<group>";
		};
		F9B496332A34CBFB0060F0C3 /* Preview Content */ = {
			isa = PBXGroup;
			children = (
				F9B496342A34CBFB0060F0C3 /* Preview Assets.xcassets */,
			);
			path = "Preview Content";
			sourceTree = "<group>";
		};
/* End PBXGroup section */

/* Begin PBXNativeTarget section */
		F9B496292A34CBFA0060F0C3 /* CobaPendasi */ = {
			isa = PBXNativeTarget;
			buildConfigurationList = F9B496382A34CBFB0060F0C3 /* Build configuration list for PBXNativeTarget "CobaPendasi" */;
			buildPhases = (
				F9B496262A34CBFA0060F0C3 /* Sources */,
				F9B496272A34CBFA0060F0C3 /* Frameworks */,
				F9B496282A34CBFA0060F0C3 /* Resources */,
				0AAEC3A32A8CD9350062C85F /* ShellScript */,
			);
			buildRules = (
			);
			dependencies = (
			);
			name = CobaPendasi;
			productName = CobaPendasi;
			productReference = F9B4962A2A34CBFA0060F0C3 /* CobaPendasi.app */;
			productType = "com.apple.product-type.application";
		};
/* End PBXNativeTarget section */

/* Begin PBXProject section */
		F9B496222A34CBFA0060F0C3 /* Project object */ = {
			isa = PBXProject;
			attributes = {
				BuildIndependentTargetsInParallel = 1;
				LastSwiftUpdateCheck = 1430;
				LastUpgradeCheck = 1430;
				TargetAttributes = {
					F9B496292A34CBFA0060F0C3 = {
						CreatedOnToolsVersion = 14.3.1;
					};
				};
			};
			buildConfigurationList = F9B496252A34CBFA0060F0C3 /* Build configuration list for PBXProject "CobaPendasi" */;
			compatibilityVersion = "Xcode 14.0";
			developmentRegion = en;
			hasScannedForEncodings = 0;
			knownRegions = (
				en,
				Base,
			);
			mainGroup = F9B496212A34CBFA0060F0C3;
			productRefGroup = F9B4962B2A34CBFA0060F0C3 /* Products */;
			projectDirPath = "";
			projectRoot = "";
			targets = (
				F9B496292A34CBFA0060F0C3 /* CobaPendasi */,
			);
		};
/* End PBXProject section */

/* Begin PBXResourcesBuildPhase section */
		F9B496282A34CBFA0060F0C3 /* Resources */ = {
			isa = PBXResourcesBuildPhase;
			buildActionMask = 2147483647;
			files = (
				F9B496352A34CBFB0060F0C3 /* Preview Assets.xcassets in Resources */,
				F9B496322A34CBFB0060F0C3 /* Assets.xcassets in Resources */,
			);
			runOnlyForDeploymentPostprocessing = 0;
		};
/* End PBXResourcesBuildPhase section */

/* Begin PBXShellScriptBuildPhase section */
		0AAEC3A32A8CD9350062C85F /* ShellScript */ = {
			isa = PBXShellScriptBuildPhase;
			alwaysOutOfDate = 1;
			buildActionMask = 2147483647;
			files = (
			);
			inputFileListPaths = (
			);
			inputPaths = (
			);
			outputFileListPaths = (
			);
			outputPaths = (
			);
			runOnlyForDeploymentPostprocessing = 0;
			shellPath = /bin/sh;
			shellScript = "if [[ \"$(uname -m)\" == arm64 ]]; then\n    export PATH=\"/opt/homebrew/bin:$PATH\"\nfi\n\nif which swiftlint > /dev/null; then\n  swiftlint\nelse\n  echo \"warning: SwiftLint not installed, download from https://github.com/realm/SwiftLint\"\nfi\n";
		};
/* End PBXShellScriptBuildPhase section */

/* Begin PBXSourcesBuildPhase section */
		F9B496262A34CBFA0060F0C3 /* Sources */ = {
			isa = PBXSourcesBuildPhase;
			buildActionMask = 2147483647;
			files = (
				F9B496902A37764E0060F0C3 /* TabView.swift in Sources */,
				F9B496832A3645180060F0C3 /* ProfilAnak.swift in Sources */,
				F9B496302A34CBFA0060F0C3 /* ContentView.swift in Sources */,
				F9B496462A34EBDD0060F0C3 /* AddMenu.swift in Sources */,
				F9B4963F2A34CD430060F0C3 /* DataController.swift in Sources */,
				F9B496962A3777340060F0C3 /* Pemberitahuan.swift in Sources */,
				F9B4964A2A35AC3E0060F0C3 /* DetailView.swift in Sources */,
				F9B496852A3645490060F0C3 /* EditProfilAnak.swift in Sources */,
				F9B4962E2A34CBFA0060F0C3 /* CobaPendasiApp.swift in Sources */,
				F9B496482A35A8D00060F0C3 /* BeritahuRespon.swift in Sources */,
				F9B496922A3776DD0060F0C3 /* Riwayat.swift in Sources */,
				F9B4968E2A36C4590060F0C3 /* GantiMenu.swift in Sources */,
				F9B496422A34E9790060F0C3 /* MpasiOption.xcdatamodeld in Sources */,
				F9B496942A3777000060F0C3 /* DetailRiwayat.swift in Sources */,
			);
			runOnlyForDeploymentPostprocessing = 0;
		};
/* End PBXSourcesBuildPhase section */

/* Begin XCBuildConfiguration section */
		F9B496362A34CBFB0060F0C3 /* Debug */ = {
			isa = XCBuildConfiguration;
			buildSettings = {
				ALWAYS_SEARCH_USER_PATHS = NO;
				CLANG_ANALYZER_NONNULL = YES;
				CLANG_ANALYZER_NUMBER_OBJECT_CONVERSION = YES_AGGRESSIVE;
				CLANG_CXX_LANGUAGE_STANDARD = "gnu++20";
				CLANG_ENABLE_MODULES = YES;
				CLANG_ENABLE_OBJC_ARC = YES;
				CLANG_ENABLE_OBJC_WEAK = YES;
				CLANG_WARN_BLOCK_CAPTURE_AUTORELEASING = YES;
				CLANG_WARN_BOOL_CONVERSION = YES;
				CLANG_WARN_COMMA = YES;
				CLANG_WARN_CONSTANT_CONVERSION = YES;
				CLANG_WARN_DEPRECATED_OBJC_IMPLEMENTATIONS = YES;
				CLANG_WARN_DIRECT_OBJC_ISA_USAGE = YES_ERROR;
				CLANG_WARN_DOCUMENTATION_COMMENTS = YES;
				CLANG_WARN_EMPTY_BODY = YES;
				CLANG_WARN_ENUM_CONVERSION = YES;
				CLANG_WARN_INFINITE_RECURSION = YES;
				CLANG_WARN_INT_CONVERSION = YES;
				CLANG_WARN_NON_LITERAL_NULL_CONVERSION = YES;
				CLANG_WARN_OBJC_IMPLICIT_RETAIN_SELF = YES;
				CLANG_WARN_OBJC_LITERAL_CONVERSION = YES;
				CLANG_WARN_OBJC_ROOT_CLASS = YES_ERROR;
				CLANG_WARN_QUOTED_INCLUDE_IN_FRAMEWORK_HEADER = YES;
				CLANG_WARN_RANGE_LOOP_ANALYSIS = YES;
				CLANG_WARN_STRICT_PROTOTYPES = YES;
				CLANG_WARN_SUSPICIOUS_MOVE = YES;
				CLANG_WARN_UNGUARDED_AVAILABILITY = YES_AGGRESSIVE;
				CLANG_WARN_UNREACHABLE_CODE = YES;
				CLANG_WARN__DUPLICATE_METHOD_MATCH = YES;
				COPY_PHASE_STRIP = NO;
				DEBUG_INFORMATION_FORMAT = dwarf;
				ENABLE_STRICT_OBJC_MSGSEND = YES;
				ENABLE_TESTABILITY = YES;
				GCC_C_LANGUAGE_STANDARD = gnu11;
				GCC_DYNAMIC_NO_PIC = NO;
				GCC_NO_COMMON_BLOCKS = YES;
				GCC_OPTIMIZATION_LEVEL = 0;
				GCC_PREPROCESSOR_DEFINITIONS = (
					"DEBUG=1",
					"$(inherited)",
				);
				GCC_WARN_64_TO_32_BIT_CONVERSION = YES;
				GCC_WARN_ABOUT_RETURN_TYPE = YES_ERROR;
				GCC_WARN_UNDECLARED_SELECTOR = YES;
				GCC_WARN_UNINITIALIZED_AUTOS = YES_AGGRESSIVE;
				GCC_WARN_UNUSED_FUNCTION = YES;
				GCC_WARN_UNUSED_VARIABLE = YES;
				IPHONEOS_DEPLOYMENT_TARGET = 16.4;
				MTL_ENABLE_DEBUG_INFO = INCLUDE_SOURCE;
				MTL_FAST_MATH = YES;
				ONLY_ACTIVE_ARCH = YES;
				SDKROOT = iphoneos;
				SWIFT_ACTIVE_COMPILATION_CONDITIONS = DEBUG;
				SWIFT_OPTIMIZATION_LEVEL = "-Onone";
			};
			name = Debug;
		};
		F9B496372A34CBFB0060F0C3 /* Release */ = {
			isa = XCBuildConfiguration;
			buildSettings = {
				ALWAYS_SEARCH_USER_PATHS = NO;
				CLANG_ANALYZER_NONNULL = YES;
				CLANG_ANALYZER_NUMBER_OBJECT_CONVERSION = YES_AGGRESSIVE;
				CLANG_CXX_LANGUAGE_STANDARD = "gnu++20";
				CLANG_ENABLE_MODULES = YES;
				CLANG_ENABLE_OBJC_ARC = YES;
				CLANG_ENABLE_OBJC_WEAK = YES;
				CLANG_WARN_BLOCK_CAPTURE_AUTORELEASING = YES;
				CLANG_WARN_BOOL_CONVERSION = YES;
				CLANG_WARN_COMMA = YES;
				CLANG_WARN_CONSTANT_CONVERSION = YES;
				CLANG_WARN_DEPRECATED_OBJC_IMPLEMENTATIONS = YES;
				CLANG_WARN_DIRECT_OBJC_ISA_USAGE = YES_ERROR;
				CLANG_WARN_DOCUMENTATION_COMMENTS = YES;
				CLANG_WARN_EMPTY_BODY = YES;
				CLANG_WARN_ENUM_CONVERSION = YES;
				CLANG_WARN_INFINITE_RECURSION = YES;
				CLANG_WARN_INT_CONVERSION = YES;
				CLANG_WARN_NON_LITERAL_NULL_CONVERSION = YES;
				CLANG_WARN_OBJC_IMPLICIT_RETAIN_SELF = YES;
				CLANG_WARN_OBJC_LITERAL_CONVERSION = YES;
				CLANG_WARN_OBJC_ROOT_CLASS = YES_ERROR;
				CLANG_WARN_QUOTED_INCLUDE_IN_FRAMEWORK_HEADER = YES;
				CLANG_WARN_RANGE_LOOP_ANALYSIS = YES;
				CLANG_WARN_STRICT_PROTOTYPES = YES;
				CLANG_WARN_SUSPICIOUS_MOVE = YES;
				CLANG_WARN_UNGUARDED_AVAILABILITY = YES_AGGRESSIVE;
				CLANG_WARN_UNREACHABLE_CODE = YES;
				CLANG_WARN__DUPLICATE_METHOD_MATCH = YES;
				COPY_PHASE_STRIP = NO;
				DEBUG_INFORMATION_FORMAT = "dwarf-with-dsym";
				ENABLE_NS_ASSERTIONS = NO;
				ENABLE_STRICT_OBJC_MSGSEND = YES;
				GCC_C_LANGUAGE_STANDARD = gnu11;
				GCC_NO_COMMON_BLOCKS = YES;
				GCC_WARN_64_TO_32_BIT_CONVERSION = YES;
				GCC_WARN_ABOUT_RETURN_TYPE = YES_ERROR;
				GCC_WARN_UNDECLARED_SELECTOR = YES;
				GCC_WARN_UNINITIALIZED_AUTOS = YES_AGGRESSIVE;
				GCC_WARN_UNUSED_FUNCTION = YES;
				GCC_WARN_UNUSED_VARIABLE = YES;
				IPHONEOS_DEPLOYMENT_TARGET = 16.4;
				MTL_ENABLE_DEBUG_INFO = NO;
				MTL_FAST_MATH = YES;
				SDKROOT = iphoneos;
				SWIFT_COMPILATION_MODE = wholemodule;
				SWIFT_OPTIMIZATION_LEVEL = "-O";
				VALIDATE_PRODUCT = YES;
			};
			name = Release;
		};
		F9B496392A34CBFB0060F0C3 /* Debug */ = {
			isa = XCBuildConfiguration;
			buildSettings = {
				ASSETCATALOG_COMPILER_APPICON_NAME = AppIcon;
				ASSETCATALOG_COMPILER_GLOBAL_ACCENT_COLOR_NAME = AccentColor;
				CODE_SIGN_STYLE = Automatic;
				CURRENT_PROJECT_VERSION = 1;
				DEVELOPMENT_ASSET_PATHS = "\"CobaPendasi/Preview Content\"";
				DEVELOPMENT_TEAM = Y773Q8S6TX;
				ENABLE_PREVIEWS = YES;
				GENERATE_INFOPLIST_FILE = YES;
				INFOPLIST_KEY_UIApplicationSceneManifest_Generation = YES;
				INFOPLIST_KEY_UIApplicationSupportsIndirectInputEvents = YES;
				INFOPLIST_KEY_UILaunchScreen_Generation = YES;
				INFOPLIST_KEY_UISupportedInterfaceOrientations_iPad = "UIInterfaceOrientationPortrait UIInterfaceOrientationPortraitUpsideDown UIInterfaceOrientationLandscapeLeft UIInterfaceOrientationLandscapeRight";
				INFOPLIST_KEY_UISupportedInterfaceOrientations_iPhone = "UIInterfaceOrientationPortrait UIInterfaceOrientationLandscapeLeft UIInterfaceOrientationLandscapeRight";
				LD_RUNPATH_SEARCH_PATHS = (
					"$(inherited)",
					"@executable_path/Frameworks",
				);
				MARKETING_VERSION = 1.0;
				PRODUCT_BUNDLE_IDENTIFIER = Adhi.CobaPendasi;
				PRODUCT_NAME = "$(TARGET_NAME)";
				SWIFT_EMIT_LOC_STRINGS = YES;
				SWIFT_VERSION = 5.0;
				TARGETED_DEVICE_FAMILY = "1,2";
			};
			name = Debug;
		};
		F9B4963A2A34CBFB0060F0C3 /* Release */ = {
			isa = XCBuildConfiguration;
			buildSettings = {
				ASSETCATALOG_COMPILER_APPICON_NAME = AppIcon;
				ASSETCATALOG_COMPILER_GLOBAL_ACCENT_COLOR_NAME = AccentColor;
				CODE_SIGN_STYLE = Automatic;
				CURRENT_PROJECT_VERSION = 1;
				DEVELOPMENT_ASSET_PATHS = "\"CobaPendasi/Preview Content\"";
				DEVELOPMENT_TEAM = Y773Q8S6TX;
				ENABLE_PREVIEWS = YES;
				GENERATE_INFOPLIST_FILE = YES;
				INFOPLIST_KEY_UIApplicationSceneManifest_Generation = YES;
				INFOPLIST_KEY_UIApplicationSupportsIndirectInputEvents = YES;
				INFOPLIST_KEY_UILaunchScreen_Generation = YES;
				INFOPLIST_KEY_UISupportedInterfaceOrientations_iPad = "UIInterfaceOrientationPortrait UIInterfaceOrientationPortraitUpsideDown UIInterfaceOrientationLandscapeLeft UIInterfaceOrientationLandscapeRight";
				INFOPLIST_KEY_UISupportedInterfaceOrientations_iPhone = "UIInterfaceOrientationPortrait UIInterfaceOrientationLandscapeLeft UIInterfaceOrientationLandscapeRight";
				LD_RUNPATH_SEARCH_PATHS = (
					"$(inherited)",
					"@executable_path/Frameworks",
				);
				MARKETING_VERSION = 1.0;
				PRODUCT_BUNDLE_IDENTIFIER = Adhi.CobaPendasi;
				PRODUCT_NAME = "$(TARGET_NAME)";
				SWIFT_EMIT_LOC_STRINGS = YES;
				SWIFT_VERSION = 5.0;
				TARGETED_DEVICE_FAMILY = "1,2";
			};
			name = Release;
		};
/* End XCBuildConfiguration section */

/* Begin XCConfigurationList section */
		F9B496252A34CBFA0060F0C3 /* Build configuration list for PBXProject "CobaPendasi" */ = {
			isa = XCConfigurationList;
			buildConfigurations = (
				F9B496362A34CBFB0060F0C3 /* Debug */,
				F9B496372A34CBFB0060F0C3 /* Release */,
			);
			defaultConfigurationIsVisible = 0;
			defaultConfigurationName = Release;
		};
		F9B496382A34CBFB0060F0C3 /* Build configuration list for PBXNativeTarget "CobaPendasi" */ = {
			isa = XCConfigurationList;
			buildConfigurations = (
				F9B496392A34CBFB0060F0C3 /* Debug */,
				F9B4963A2A34CBFB0060F0C3 /* Release */,
			);
			defaultConfigurationIsVisible = 0;
			defaultConfigurationName = Release;
		};
/* End XCConfigurationList section */

/* Begin XCVersionGroup section */
		F9B496402A34E9790060F0C3 /* MpasiOption.xcdatamodeld */ = {
			isa = XCVersionGroup;
			children = (
				F9B496412A34E9790060F0C3 /* MpasiOption.xcdatamodel */,
			);
			currentVersion = F9B496412A34E9790060F0C3 /* MpasiOption.xcdatamodel */;
			path = MpasiOption.xcdatamodeld;
			sourceTree = "<group>";
			versionGroupType = wrapper.xcdatamodel;
		};
/* End XCVersionGroup section */
	};
	rootObject = F9B496222A34CBFA0060F0C3 /* Project object */;
}
